
Microsoft Visual Studio Solution File, Format Version 12.00
# Visual Studio Version 17
VisualStudioVersion = 17.9.34701.34
MinimumVisualStudioVersion = 10.0.40219.1
Project("{9A19103F-16F7-4668-BE54-9A1E7A4F7556}") = "Lab_PRN231", "Lab_PRN231.csproj", "{1CA4623B-6708-4F03-AB2A-42C79386D084}"
EndProject
Project("{9A19103F-16F7-4668-BE54-9A1E7A4F7556}") = "ClientApp", "..\ClientApp\ClientApp.csproj", "{3086D901-E528-48A6-89EC-042BE42A295A}"
EndProject
Project("{9A19103F-16F7-4668-BE54-9A1E7A4F7556}") = "Lab3_gRPC", "..\Lab3_gRPC\Lab3_gRPC.csproj", "{548FE711-38BF-49DE-9DDA-5D0952EC34E8}"
EndProject
Project("{9A19103F-16F7-4668-BE54-9A1E7A4F7556}") = "Lab3_ClientApp", "..\Lab3_ClientApp\Lab3_ClientApp.csproj", "{272BC3CB-FB7B-426A-BC98-5E709BFAB8AF}"
EndProject
Project("{9A19103F-16F7-4668-BE54-9A1E7A4F7556}") = "Lab3_Client", "..\Lab3_Client\Lab3_Client.csproj", "{27A04FFC-CF39-4DCA-BA03-2D0BC0A0DE0A}"
EndProject
Global
	GlobalSection(SolutionConfigurationPlatforms) = preSolution
		Debug|Any CPU = Debug|Any CPU
		Release|Any CPU = Release|Any CPU
	EndGlobalSection
	GlobalSection(ProjectConfigurationPlatforms) = postSolution
		{1CA4623B-6708-4F03-AB2A-42C79386D084}.Debug|Any CPU.ActiveCfg = Debug|Any CPU
		{1CA4623B-6708-4F03-AB2A-42C79386D084}.Debug|Any CPU.Build.0 = Debug|Any CPU
		{1CA4623B-6708-4F03-AB2A-42C79386D084}.Release|Any CPU.ActiveCfg = Release|Any CPU
		{1CA4623B-6708-4F03-AB2A-42C79386D084}.Release|Any CPU.Build.0 = Release|Any CPU
		{3086D901-E528-48A6-89EC-042BE42A295A}.Debug|Any CPU.ActiveCfg = Debug|Any CPU
		{3086D901-E528-48A6-89EC-042BE42A295A}.Debug|Any CPU.Build.0 = Debug|Any CPU
		{3086D901-E528-48A6-89EC-042BE42A295A}.Release|Any CPU.ActiveCfg = Release|Any CPU
		{3086D901-E528-48A6-89EC-042BE42A295A}.Release|Any CPU.Build.0 = Release|Any CPU
		{548FE711-38BF-49DE-9DDA-5D0952EC34E8}.Debug|Any CPU.ActiveCfg = Debug|Any CPU
		{548FE711-38BF-49DE-9DDA-5D0952EC34E8}.Debug|Any CPU.Build.0 = Debug|Any CPU
		{548FE711-38BF-49DE-9DDA-5D0952EC34E8}.Release|Any CPU.ActiveCfg = Release|Any CPU
		{548FE711-38BF-49DE-9DDA-5D0952EC34E8}.Release|Any CPU.Build.0 = Release|Any CPU
		{272BC3CB-FB7B-426A-BC98-5E709BFAB8AF}.Debug|Any CPU.ActiveCfg = Debug|Any CPU
		{272BC3CB-FB7B-426A-BC98-5E709BFAB8AF}.Debug|Any CPU.Build.0 = Debug|Any CPU
		{272BC3CB-FB7B-426A-BC98-5E709BFAB8AF}.Release|Any CPU.ActiveCfg = Release|Any CPU
		{272BC3CB-FB7B-426A-BC98-5E709BFAB8AF}.Release|Any CPU.Build.0 = Release|Any CPU
		{27A04FFC-CF39-4DCA-BA03-2D0BC0A0DE0A}.Debug|Any CPU.ActiveCfg = Debug|Any CPU
		{27A04FFC-CF39-4DCA-BA03-2D0BC0A0DE0A}.Debug|Any CPU.Build.0 = Debug|Any CPU
		{27A04FFC-CF39-4DCA-BA03-2D0BC0A0DE0A}.Release|Any CPU.ActiveCfg = Release|Any CPU
		{27A04FFC-CF39-4DCA-BA03-2D0BC0A0DE0A}.Release|Any CPU.Build.0 = Release|Any CPU
	EndGlobalSection
	GlobalSection(SolutionProperties) = preSolution
		HideSolutionNode = FALSE
	EndGlobalSection
	GlobalSection(ExtensibilityGlobals) = postSolution
		SolutionGuid = {212D6530-8690-47FE-992A-188CEA22206F}
	EndGlobalSection
EndGlobal
